// !$*UTF8*$!
{
	archiveVersion = 1;
	classes = {
	};
	objectVersion = 56;
	objects = {

/* Begin PBXBuildFile section */
		85E0A44929646E280007C3CA /* FirstStepView.swift in Sources */ = {isa = PBXBuildFile; fileRef = 85E0A44829646E280007C3CA /* FirstStepView.swift */; };
		85E0A44B29646E300007C3CA /* SecondStepView.swift in Sources */ = {isa = PBXBuildFile; fileRef = 85E0A44A29646E300007C3CA /* SecondStepView.swift */; };
		85E0A44D29646E390007C3CA /* ThirdStepView.swift in Sources */ = {isa = PBXBuildFile; fileRef = 85E0A44C29646E390007C3CA /* ThirdStepView.swift */; };
		85E0A44F29646E440007C3CA /* FourthStepView.swift in Sources */ = {isa = PBXBuildFile; fileRef = 85E0A44E29646E440007C3CA /* FourthStepView.swift */; };
		85E0A45129646E4B0007C3CA /* FifthStepView.swift in Sources */ = {isa = PBXBuildFile; fileRef = 85E0A45029646E4B0007C3CA /* FifthStepView.swift */; };
		673315EF2965C1E500398AA5 /* UnderlineSegmentedControl.swift in Sources */ = {isa = PBXBuildFile; fileRef = 673315EE2965C1E500398AA5 /* UnderlineSegmentedControl.swift */; };
		673315F12966D1AC00398AA5 /* StorageVC.swift in Sources */ = {isa = PBXBuildFile; fileRef = 673315F02966D1AC00398AA5 /* StorageVC.swift */; };
		E74C874F296A97AF00BFAD31 /* VotedCVC.swift in Sources */ = {isa = PBXBuildFile; fileRef = E74C874E296A97AF00BFAD31 /* VotedCVC.swift */; };
		E7C69BE9295AC8A900848B72 /* AppDelegate.swift in Sources */ = {isa = PBXBuildFile; fileRef = E7C69BE8295AC8A900848B72 /* AppDelegate.swift */; };
		E7C69BEB295AC8A900848B72 /* SceneDelegate.swift in Sources */ = {isa = PBXBuildFile; fileRef = E7C69BEA295AC8A900848B72 /* SceneDelegate.swift */; };
		E7C69BF2295AC8AA00848B72 /* Assets.xcassets in Resources */ = {isa = PBXBuildFile; fileRef = E7C69BF1295AC8AA00848B72 /* Assets.xcassets */; };
		E7C69BF5295AC8AA00848B72 /* LaunchScreen.storyboard in Resources */ = {isa = PBXBuildFile; fileRef = E7C69BF3295AC8AA00848B72 /* LaunchScreen.storyboard */; };
		E7C69C03295AD64C00848B72 /* UIColor+.swift in Sources */ = {isa = PBXBuildFile; fileRef = E7C69C02295AD64C00848B72 /* UIColor+.swift */; };
		E7C69C05295AD66200848B72 /* BaseVC.swift in Sources */ = {isa = PBXBuildFile; fileRef = E7C69C04295AD66200848B72 /* BaseVC.swift */; };
		E7C69C09295AD68100848B72 /* ToastMessageColorType.swift in Sources */ = {isa = PBXBuildFile; fileRef = E7C69C08295AD68100848B72 /* ToastMessageColorType.swift */; };
		E7C69C0B295AD68E00848B72 /* UserInfo.swift in Sources */ = {isa = PBXBuildFile; fileRef = E7C69C0A295AD68E00848B72 /* UserInfo.swift */; };
		E7C69C18295AD71C00848B72 /* WriteAPI.swift in Sources */ = {isa = PBXBuildFile; fileRef = E7C69C17295AD71C00848B72 /* WriteAPI.swift */; };
		E7C69C1A295AD72F00848B72 /* StorageAPI.swift in Sources */ = {isa = PBXBuildFile; fileRef = E7C69C19295AD72F00848B72 /* StorageAPI.swift */; };
		E7C69C21295AD7CA00848B72 /* ColorSets.xcassets in Resources */ = {isa = PBXBuildFile; fileRef = E7C69C20295AD7CA00848B72 /* ColorSets.xcassets */; };
		E7C69C26295AD81600848B72 /* HaraTabBarController.swift in Sources */ = {isa = PBXBuildFile; fileRef = E7C69C25295AD81600848B72 /* HaraTabBarController.swift */; };
		E7C69C2A295AD84300848B72 /* SomeTemplate.swift in Sources */ = {isa = PBXBuildFile; fileRef = E7C69C29295AD84300848B72 /* SomeTemplate.swift */; };
		E7C69C32295ADCAE00848B72 /* TogetherVC.swift in Sources */ = {isa = PBXBuildFile; fileRef = E7C69C31295ADCAE00848B72 /* TogetherVC.swift */; };
		E7C69C8D2961392A00848B72 /* SnapKit in Frameworks */ = {isa = PBXBuildFile; productRef = E7C69C8C2961392A00848B72 /* SnapKit */; };
		E7C69C902961393700848B72 /* Then in Frameworks */ = {isa = PBXBuildFile; productRef = E7C69C8F2961393700848B72 /* Then */; };
		E7C69C932961396C00848B72 /* CombineMoya in Frameworks */ = {isa = PBXBuildFile; productRef = E7C69C922961396C00848B72 /* CombineMoya */; };
		E7C69C952961396C00848B72 /* Moya in Frameworks */ = {isa = PBXBuildFile; productRef = E7C69C942961396C00848B72 /* Moya */; };
		E7C69C9729613A1400848B72 /* UIFont+.swift in Sources */ = {isa = PBXBuildFile; fileRef = E7C69C9629613A1400848B72 /* UIFont+.swift */; };
		E7C69C9929613A4300848B72 /* UIButton+.swift in Sources */ = {isa = PBXBuildFile; fileRef = E7C69C9829613A4300848B72 /* UIButton+.swift */; };
		E7C69C9B29613E2B00848B72 /* UIView+.swift in Sources */ = {isa = PBXBuildFile; fileRef = E7C69C9A29613E2B00848B72 /* UIView+.swift */; };
		E7C69C9D29613F2700848B72 /* UIStackView+.swift in Sources */ = {isa = PBXBuildFile; fileRef = E7C69C9C29613F2700848B72 /* UIStackView+.swift */; };
		E7C69C9F29613F4800848B72 /* Adjusted+.swift in Sources */ = {isa = PBXBuildFile; fileRef = E7C69C9E29613F4800848B72 /* Adjusted+.swift */; };
		E7C69CA129613F8100848B72 /* NSObject+.swift in Sources */ = {isa = PBXBuildFile; fileRef = E7C69CA029613F8100848B72 /* NSObject+.swift */; };
		E7C69CA329613FAA00848B72 /* UILabel+.swift in Sources */ = {isa = PBXBuildFile; fileRef = E7C69CA229613FAA00848B72 /* UILabel+.swift */; };
		E7C69CA52961407500848B72 /* String+.swift in Sources */ = {isa = PBXBuildFile; fileRef = E7C69CA42961407500848B72 /* String+.swift */; };
		E7C69CA72961CD8F00848B72 /* UIImageView+.swift in Sources */ = {isa = PBXBuildFile; fileRef = E7C69CA62961CD8F00848B72 /* UIImageView+.swift */; };
		E7C69CA92961CDF400848B72 /* UITextField+.swift in Sources */ = {isa = PBXBuildFile; fileRef = E7C69CA82961CDF400848B72 /* UITextField+.swift */; };
		E7C69CB42961E80E00848B72 /* Pretendard-Bold.otf in Resources */ = {isa = PBXBuildFile; fileRef = E7C69CB02961E80E00848B72 /* Pretendard-Bold.otf */; };
		E7C69CB52961E80E00848B72 /* Pretendard-Regular.otf in Resources */ = {isa = PBXBuildFile; fileRef = E7C69CB12961E80E00848B72 /* Pretendard-Regular.otf */; };
		E7C69CB62961E80E00848B72 /* Pretendard-Medium.otf in Resources */ = {isa = PBXBuildFile; fileRef = E7C69CB22961E80E00848B72 /* Pretendard-Medium.otf */; };
		E7C69CB72961E80E00848B72 /* Pretendard-SemiBold.otf in Resources */ = {isa = PBXBuildFile; fileRef = E7C69CB32961E80E00848B72 /* Pretendard-SemiBold.otf */; };
		E7C69CB92961E84600848B72 /* Cafe24Ssurround-Bold.ttf in Resources */ = {isa = PBXBuildFile; fileRef = E7C69CB82961E84600848B72 /* Cafe24Ssurround-Bold.ttf */; };
		E7C69CBB2962017F00848B72 /* BaseNC.swift in Sources */ = {isa = PBXBuildFile; fileRef = E7C69CBA2962017F00848B72 /* BaseNC.swift */; };
		E7C69CC0296203CA00848B72 /* WriteVC.swift in Sources */ = {isa = PBXBuildFile; fileRef = E7C69CBF296203CA00848B72 /* WriteVC.swift */; };
		E7C69CC22962099600848B72 /* UIViewController+.swift in Sources */ = {isa = PBXBuildFile; fileRef = E7C69CC12962099500848B72 /* UIViewController+.swift */; };
		E7C69CC429620C5600848B72 /* CALayer+.swift in Sources */ = {isa = PBXBuildFile; fileRef = E7C69CC329620C5600848B72 /* CALayer+.swift */; };
		E7C69CC6296213EB00848B72 /* ImageCacheManager.swift in Sources */ = {isa = PBXBuildFile; fileRef = E7C69CC5296213EB00848B72 /* ImageCacheManager.swift */; };
		E7C69CC82964574400848B72 /* DefaultNavigationView.swift in Sources */ = {isa = PBXBuildFile; fileRef = E7C69CC72964574400848B72 /* DefaultNavigationView.swift */; };
		E7C69CCC29647C9700848B72 /* CategoryCVC.swift in Sources */ = {isa = PBXBuildFile; fileRef = E7C69CCB29647C9700848B72 /* CategoryCVC.swift */; };
		E7C69CCE29649EA900848B72 /* UICollectionVIew+.swift in Sources */ = {isa = PBXBuildFile; fileRef = E7C69CCD29649EA900848B72 /* UICollectionVIew+.swift */; };
		E7C69CD0296554C000848B72 /* APIConstant.swift in Sources */ = {isa = PBXBuildFile; fileRef = E7C69CCF296554C000848B72 /* APIConstant.swift */; };
		E7C69CD2296554D700848B72 /* NetworkConstant.swift in Sources */ = {isa = PBXBuildFile; fileRef = E7C69CD1296554D700848B72 /* NetworkConstant.swift */; };
		E7C69CD4296554E600848B72 /* MoyLoggingPlugin.swift in Sources */ = {isa = PBXBuildFile; fileRef = E7C69CD3296554E600848B72 /* MoyLoggingPlugin.swift */; };
		E7C69CD6296554F800848B72 /* GeneralResponse.swift in Sources */ = {isa = PBXBuildFile; fileRef = E7C69CD5296554F800848B72 /* GeneralResponse.swift */; };
		E7C69CD82965550500848B72 /* NetworkResult.swift in Sources */ = {isa = PBXBuildFile; fileRef = E7C69CD72965550500848B72 /* NetworkResult.swift */; };
		E7C69CDA2965551400848B72 /* BaseTargetType.swift in Sources */ = {isa = PBXBuildFile; fileRef = E7C69CD92965551400848B72 /* BaseTargetType.swift */; };
		E7C69CDC2965552700848B72 /* TogetherService.swift in Sources */ = {isa = PBXBuildFile; fileRef = E7C69CDB2965552700848B72 /* TogetherService.swift */; };
		E7C69CDE296555A600848B72 /* WriteService.swift in Sources */ = {isa = PBXBuildFile; fileRef = E7C69CDD296555A600848B72 /* WriteService.swift */; };
		E7C69CE0296555B400848B72 /* StorageService.swift in Sources */ = {isa = PBXBuildFile; fileRef = E7C69CDF296555B400848B72 /* StorageService.swift */; };
		E7C69CE32965566C00848B72 /* TogetherResponse.swift in Sources */ = {isa = PBXBuildFile; fileRef = E7C69CE22965566C00848B72 /* TogetherResponse.swift */; };
		E7C69CE52965567800848B72 /* WriteResponse.swift in Sources */ = {isa = PBXBuildFile; fileRef = E7C69CE42965567800848B72 /* WriteResponse.swift */; };
		E7C69CE72965569100848B72 /* StorageResponse.swift in Sources */ = {isa = PBXBuildFile; fileRef = E7C69CE62965569100848B72 /* StorageResponse.swift */; };
		E7C69CEB29658BF900848B72 /* VoteOptionCVC.swift in Sources */ = {isa = PBXBuildFile; fileRef = E7C69CEA29658BF900848B72 /* VoteOptionCVC.swift */; };
		E7C69CED29660AB500848B72 /* WorryCardCVC.swift in Sources */ = {isa = PBXBuildFile; fileRef = E7C69CEC29660AB500848B72 /* WorryCardCVC.swift */; };
/* End PBXBuildFile section */

/* Begin PBXFileReference section */
		85E0A44829646E280007C3CA /* FirstStepView.swift */ = {isa = PBXFileReference; lastKnownFileType = sourcecode.swift; path = FirstStepView.swift; sourceTree = "<group>"; };
		85E0A44A29646E300007C3CA /* SecondStepView.swift */ = {isa = PBXFileReference; lastKnownFileType = sourcecode.swift; path = SecondStepView.swift; sourceTree = "<group>"; };
		85E0A44C29646E390007C3CA /* ThirdStepView.swift */ = {isa = PBXFileReference; lastKnownFileType = sourcecode.swift; path = ThirdStepView.swift; sourceTree = "<group>"; };
		85E0A44E29646E440007C3CA /* FourthStepView.swift */ = {isa = PBXFileReference; lastKnownFileType = sourcecode.swift; path = FourthStepView.swift; sourceTree = "<group>"; };
		85E0A45029646E4B0007C3CA /* FifthStepView.swift */ = {isa = PBXFileReference; lastKnownFileType = sourcecode.swift; path = FifthStepView.swift; sourceTree = "<group>"; };
		673315EE2965C1E500398AA5 /* UnderlineSegmentedControl.swift */ = {isa = PBXFileReference; lastKnownFileType = sourcecode.swift; path = UnderlineSegmentedControl.swift; sourceTree = "<group>"; };
		673315F02966D1AC00398AA5 /* StorageVC.swift */ = {isa = PBXFileReference; lastKnownFileType = sourcecode.swift; path = StorageVC.swift; sourceTree = "<group>"; };
		E74C874E296A97AF00BFAD31 /* VotedCVC.swift */ = {isa = PBXFileReference; lastKnownFileType = sourcecode.swift; path = VotedCVC.swift; sourceTree = "<group>"; };
		E7C69BE5295AC8A900848B72 /* HARA.app */ = {isa = PBXFileReference; explicitFileType = wrapper.application; includeInIndex = 0; path = HARA.app; sourceTree = BUILT_PRODUCTS_DIR; };
		E7C69BE8295AC8A900848B72 /* AppDelegate.swift */ = {isa = PBXFileReference; lastKnownFileType = sourcecode.swift; path = AppDelegate.swift; sourceTree = "<group>"; };
		E7C69BEA295AC8A900848B72 /* SceneDelegate.swift */ = {isa = PBXFileReference; lastKnownFileType = sourcecode.swift; path = SceneDelegate.swift; sourceTree = "<group>"; };
		E7C69BF1295AC8AA00848B72 /* Assets.xcassets */ = {isa = PBXFileReference; lastKnownFileType = folder.assetcatalog; path = Assets.xcassets; sourceTree = "<group>"; };
		E7C69BF4295AC8AA00848B72 /* Base */ = {isa = PBXFileReference; lastKnownFileType = file.storyboard; name = Base; path = Base.lproj/LaunchScreen.storyboard; sourceTree = "<group>"; };
		E7C69BF6295AC8AA00848B72 /* Info.plist */ = {isa = PBXFileReference; lastKnownFileType = text.plist.xml; path = Info.plist; sourceTree = "<group>"; };
		E7C69C02295AD64C00848B72 /* UIColor+.swift */ = {isa = PBXFileReference; lastKnownFileType = sourcecode.swift; path = "UIColor+.swift"; sourceTree = "<group>"; };
		E7C69C04295AD66200848B72 /* BaseVC.swift */ = {isa = PBXFileReference; lastKnownFileType = sourcecode.swift; path = BaseVC.swift; sourceTree = "<group>"; };
		E7C69C08295AD68100848B72 /* ToastMessageColorType.swift */ = {isa = PBXFileReference; lastKnownFileType = sourcecode.swift; path = ToastMessageColorType.swift; sourceTree = "<group>"; };
		E7C69C0A295AD68E00848B72 /* UserInfo.swift */ = {isa = PBXFileReference; lastKnownFileType = sourcecode.swift; path = UserInfo.swift; sourceTree = "<group>"; };
		E7C69C15295AD70F00848B72 /* TogetherAPI.swift */ = {isa = PBXFileReference; lastKnownFileType = sourcecode.swift; path = TogetherAPI.swift; sourceTree = "<group>"; };
		E7C69C17295AD71C00848B72 /* WriteAPI.swift */ = {isa = PBXFileReference; lastKnownFileType = sourcecode.swift; path = WriteAPI.swift; sourceTree = "<group>"; };
		E7C69C19295AD72F00848B72 /* StorageAPI.swift */ = {isa = PBXFileReference; lastKnownFileType = sourcecode.swift; path = StorageAPI.swift; sourceTree = "<group>"; };
		E7C69C20295AD7CA00848B72 /* ColorSets.xcassets */ = {isa = PBXFileReference; lastKnownFileType = folder.assetcatalog; path = ColorSets.xcassets; sourceTree = "<group>"; };
		E7C69C25295AD81600848B72 /* HaraTabBarController.swift */ = {isa = PBXFileReference; lastKnownFileType = sourcecode.swift; path = HaraTabBarController.swift; sourceTree = "<group>"; };
		E7C69C29295AD84300848B72 /* SomeTemplate.swift */ = {isa = PBXFileReference; lastKnownFileType = sourcecode.swift; path = SomeTemplate.swift; sourceTree = "<group>"; };
		E7C69C31295ADCAE00848B72 /* TogetherVC.swift */ = {isa = PBXFileReference; lastKnownFileType = sourcecode.swift; path = TogetherVC.swift; sourceTree = "<group>"; };
		E7C69C9629613A1400848B72 /* UIFont+.swift */ = {isa = PBXFileReference; lastKnownFileType = sourcecode.swift; path = "UIFont+.swift"; sourceTree = "<group>"; };
		E7C69C9829613A4300848B72 /* UIButton+.swift */ = {isa = PBXFileReference; lastKnownFileType = sourcecode.swift; path = "UIButton+.swift"; sourceTree = "<group>"; };
		E7C69C9A29613E2B00848B72 /* UIView+.swift */ = {isa = PBXFileReference; lastKnownFileType = sourcecode.swift; path = "UIView+.swift"; sourceTree = "<group>"; };
		E7C69C9C29613F2700848B72 /* UIStackView+.swift */ = {isa = PBXFileReference; lastKnownFileType = sourcecode.swift; path = "UIStackView+.swift"; sourceTree = "<group>"; };
		E7C69C9E29613F4800848B72 /* Adjusted+.swift */ = {isa = PBXFileReference; lastKnownFileType = sourcecode.swift; path = "Adjusted+.swift"; sourceTree = "<group>"; };
		E7C69CA029613F8100848B72 /* NSObject+.swift */ = {isa = PBXFileReference; lastKnownFileType = sourcecode.swift; path = "NSObject+.swift"; sourceTree = "<group>"; };
		E7C69CA229613FAA00848B72 /* UILabel+.swift */ = {isa = PBXFileReference; lastKnownFileType = sourcecode.swift; path = "UILabel+.swift"; sourceTree = "<group>"; };
		E7C69CA42961407500848B72 /* String+.swift */ = {isa = PBXFileReference; lastKnownFileType = sourcecode.swift; path = "String+.swift"; sourceTree = "<group>"; };
		E7C69CA62961CD8F00848B72 /* UIImageView+.swift */ = {isa = PBXFileReference; lastKnownFileType = sourcecode.swift; path = "UIImageView+.swift"; sourceTree = "<group>"; };
		E7C69CA82961CDF400848B72 /* UITextField+.swift */ = {isa = PBXFileReference; lastKnownFileType = sourcecode.swift; path = "UITextField+.swift"; sourceTree = "<group>"; };
		E7C69CB02961E80E00848B72 /* Pretendard-Bold.otf */ = {isa = PBXFileReference; lastKnownFileType = file; path = "Pretendard-Bold.otf"; sourceTree = "<group>"; };
		E7C69CB12961E80E00848B72 /* Pretendard-Regular.otf */ = {isa = PBXFileReference; lastKnownFileType = file; path = "Pretendard-Regular.otf"; sourceTree = "<group>"; };
		E7C69CB22961E80E00848B72 /* Pretendard-Medium.otf */ = {isa = PBXFileReference; lastKnownFileType = file; path = "Pretendard-Medium.otf"; sourceTree = "<group>"; };
		E7C69CB32961E80E00848B72 /* Pretendard-SemiBold.otf */ = {isa = PBXFileReference; lastKnownFileType = file; path = "Pretendard-SemiBold.otf"; sourceTree = "<group>"; };
		E7C69CB82961E84600848B72 /* Cafe24Ssurround-Bold.ttf */ = {isa = PBXFileReference; lastKnownFileType = file; path = "Cafe24Ssurround-Bold.ttf"; sourceTree = "<group>"; };
		E7C69CBA2962017F00848B72 /* BaseNC.swift */ = {isa = PBXFileReference; lastKnownFileType = sourcecode.swift; path = BaseNC.swift; sourceTree = "<group>"; };
		E7C69CBF296203CA00848B72 /* WriteVC.swift */ = {isa = PBXFileReference; lastKnownFileType = sourcecode.swift; path = WriteVC.swift; sourceTree = "<group>"; };
		E7C69CC12962099500848B72 /* UIViewController+.swift */ = {isa = PBXFileReference; lastKnownFileType = sourcecode.swift; path = "UIViewController+.swift"; sourceTree = "<group>"; };
		E7C69CC329620C5600848B72 /* CALayer+.swift */ = {isa = PBXFileReference; lastKnownFileType = sourcecode.swift; path = "CALayer+.swift"; sourceTree = "<group>"; };
		E7C69CC5296213EB00848B72 /* ImageCacheManager.swift */ = {isa = PBXFileReference; lastKnownFileType = sourcecode.swift; path = ImageCacheManager.swift; sourceTree = "<group>"; };
		E7C69CC72964574400848B72 /* DefaultNavigationView.swift */ = {isa = PBXFileReference; lastKnownFileType = sourcecode.swift; path = DefaultNavigationView.swift; sourceTree = "<group>"; };
		E7C69CCB29647C9700848B72 /* CategoryCVC.swift */ = {isa = PBXFileReference; lastKnownFileType = sourcecode.swift; path = CategoryCVC.swift; sourceTree = "<group>"; };
		E7C69CCD29649EA900848B72 /* UICollectionVIew+.swift */ = {isa = PBXFileReference; lastKnownFileType = sourcecode.swift; path = "UICollectionVIew+.swift"; sourceTree = "<group>"; };
		E7C69CCF296554C000848B72 /* APIConstant.swift */ = {isa = PBXFileReference; lastKnownFileType = sourcecode.swift; path = APIConstant.swift; sourceTree = "<group>"; };
		E7C69CD1296554D700848B72 /* NetworkConstant.swift */ = {isa = PBXFileReference; lastKnownFileType = sourcecode.swift; path = NetworkConstant.swift; sourceTree = "<group>"; };
		E7C69CD3296554E600848B72 /* MoyLoggingPlugin.swift */ = {isa = PBXFileReference; lastKnownFileType = sourcecode.swift; path = MoyLoggingPlugin.swift; sourceTree = "<group>"; };
		E7C69CD5296554F800848B72 /* GeneralResponse.swift */ = {isa = PBXFileReference; lastKnownFileType = sourcecode.swift; path = GeneralResponse.swift; sourceTree = "<group>"; };
		E7C69CD72965550500848B72 /* NetworkResult.swift */ = {isa = PBXFileReference; lastKnownFileType = sourcecode.swift; path = NetworkResult.swift; sourceTree = "<group>"; };
		E7C69CD92965551400848B72 /* BaseTargetType.swift */ = {isa = PBXFileReference; lastKnownFileType = sourcecode.swift; path = BaseTargetType.swift; sourceTree = "<group>"; };
		E7C69CDB2965552700848B72 /* TogetherService.swift */ = {isa = PBXFileReference; lastKnownFileType = sourcecode.swift; path = TogetherService.swift; sourceTree = "<group>"; };
		E7C69CDD296555A600848B72 /* WriteService.swift */ = {isa = PBXFileReference; lastKnownFileType = sourcecode.swift; path = WriteService.swift; sourceTree = "<group>"; };
		E7C69CDF296555B400848B72 /* StorageService.swift */ = {isa = PBXFileReference; lastKnownFileType = sourcecode.swift; path = StorageService.swift; sourceTree = "<group>"; };
		E7C69CE22965566C00848B72 /* TogetherResponse.swift */ = {isa = PBXFileReference; lastKnownFileType = sourcecode.swift; path = TogetherResponse.swift; sourceTree = "<group>"; };
		E7C69CE42965567800848B72 /* WriteResponse.swift */ = {isa = PBXFileReference; lastKnownFileType = sourcecode.swift; path = WriteResponse.swift; sourceTree = "<group>"; };
		E7C69CE62965569100848B72 /* StorageResponse.swift */ = {isa = PBXFileReference; lastKnownFileType = sourcecode.swift; path = StorageResponse.swift; sourceTree = "<group>"; };
		E7C69CEA29658BF900848B72 /* VoteOptionCVC.swift */ = {isa = PBXFileReference; lastKnownFileType = sourcecode.swift; path = VoteOptionCVC.swift; sourceTree = "<group>"; };
		E7C69CEC29660AB500848B72 /* WorryCardCVC.swift */ = {isa = PBXFileReference; lastKnownFileType = sourcecode.swift; path = WorryCardCVC.swift; sourceTree = "<group>"; };
/* End PBXFileReference section */

/* Begin PBXFrameworksBuildPhase section */
		E7C69BE2295AC8A900848B72 /* Frameworks */ = {
			isa = PBXFrameworksBuildPhase;
			buildActionMask = 2147483647;
			files = (
				E7C69C8D2961392A00848B72 /* SnapKit in Frameworks */,
				E7C69C902961393700848B72 /* Then in Frameworks */,
				E7C69C952961396C00848B72 /* Moya in Frameworks */,
				E7C69C932961396C00848B72 /* CombineMoya in Frameworks */,
			);
			runOnlyForDeploymentPostprocessing = 0;
		};
/* End PBXFrameworksBuildPhase section */

/* Begin PBXGroup section */
		85E0A44729646DB30007C3CA /* WriteStepView */ = {
			isa = PBXGroup;
			children = (
				85E0A44829646E280007C3CA /* FirstStepView.swift */,
				85E0A44A29646E300007C3CA /* SecondStepView.swift */,
				85E0A44C29646E390007C3CA /* ThirdStepView.swift */,
				85E0A44E29646E440007C3CA /* FourthStepView.swift */,
				85E0A45029646E4B0007C3CA /* FifthStepView.swift */,
			);
			path = WriteStepView;
			sourceTree = "<group>";
		};
		E7C69BDC295AC8A900848B72 = {
			isa = PBXGroup;
			children = (
				E7C69BE7295AC8A900848B72 /* HARA */,
				E7C69BE6295AC8A900848B72 /* Products */,
			);
			sourceTree = "<group>";
		};
		E7C69BE6295AC8A900848B72 /* Products */ = {
			isa = PBXGroup;
			children = (
				E7C69BE5295AC8A900848B72 /* HARA.app */,
			);
			name = Products;
			sourceTree = "<group>";
		};
		E7C69BE7295AC8A900848B72 /* HARA */ = {
			isa = PBXGroup;
			children = (
				E7C69BF6295AC8AA00848B72 /* Info.plist */,
				E7C69BFD295AD5B400848B72 /* Global */,
				E7C69C1D295AD79300848B72 /* Resources */,
				E7C69C24295AD80300848B72 /* Sources */,
				E7C69C0C295AD69E00848B72 /* Network */,
				E7C69BFC295AD56600848B72 /* Application */,
			);
			path = HARA;
			sourceTree = "<group>";
		};
		E7C69BFC295AD56600848B72 /* Application */ = {
			isa = PBXGroup;
			children = (
				E7C69BE8295AC8A900848B72 /* AppDelegate.swift */,
				E7C69BEA295AC8A900848B72 /* SceneDelegate.swift */,
			);
			path = Application;
			sourceTree = "<group>";
		};
		E7C69BFD295AD5B400848B72 /* Global */ = {
			isa = PBXGroup;
			children = (
				E7C69C01295AD60C00848B72 /* Extension */,
				E7C69C00295AD60600848B72 /* Base */,
				E7C69BFF295AD5FF00848B72 /* Singleton */,
				E7C69BFE295AD5F500848B72 /* Type */,
			);
			path = Global;
			sourceTree = "<group>";
		};
		E7C69BFE295AD5F500848B72 /* Type */ = {
			isa = PBXGroup;
			children = (
				E7C69C08295AD68100848B72 /* ToastMessageColorType.swift */,
			);
			path = Type;
			sourceTree = "<group>";
		};
		E7C69BFF295AD5FF00848B72 /* Singleton */ = {
			isa = PBXGroup;
			children = (
				E7C69C0A295AD68E00848B72 /* UserInfo.swift */,
			);
			path = Singleton;
			sourceTree = "<group>";
		};
		E7C69C00295AD60600848B72 /* Base */ = {
			isa = PBXGroup;
			children = (
				E7C69C04295AD66200848B72 /* BaseVC.swift */,
				E7C69CBA2962017F00848B72 /* BaseNC.swift */,
			);
			path = Base;
			sourceTree = "<group>";
		};
		E7C69C01295AD60C00848B72 /* Extension */ = {
			isa = PBXGroup;
			children = (
				E7C69C02295AD64C00848B72 /* UIColor+.swift */,
				E7C69C9629613A1400848B72 /* UIFont+.swift */,
				E7C69C9829613A4300848B72 /* UIButton+.swift */,
				E7C69C9A29613E2B00848B72 /* UIView+.swift */,
				E7C69C9C29613F2700848B72 /* UIStackView+.swift */,
				E7C69C9E29613F4800848B72 /* Adjusted+.swift */,
				E7C69CA029613F8100848B72 /* NSObject+.swift */,
				E7C69CA229613FAA00848B72 /* UILabel+.swift */,
				E7C69CA42961407500848B72 /* String+.swift */,
				E7C69CA62961CD8F00848B72 /* UIImageView+.swift */,
				E7C69CA82961CDF400848B72 /* UITextField+.swift */,
				E7C69CC12962099500848B72 /* UIViewController+.swift */,
				E7C69CC329620C5600848B72 /* CALayer+.swift */,
				E7C69CCD29649EA900848B72 /* UICollectionVIew+.swift */,
			);
			path = Extension;
			sourceTree = "<group>";
		};
		E7C69C0C295AD69E00848B72 /* Network */ = {
			isa = PBXGroup;
			children = (
				E7C69C0D295AD6B100848B72 /* Base */,
				E7C69C0F295AD6C300848B72 /* Services */,
				E7C69CE12965564A00848B72 /* DataModel */,
				E7C69C0E295AD6B600848B72 /* APIs */,
			);
			path = Network;
			sourceTree = "<group>";
		};
		E7C69C0D295AD6B100848B72 /* Base */ = {
			isa = PBXGroup;
			children = (
				E7C69CC5296213EB00848B72 /* ImageCacheManager.swift */,
				E7C69CCF296554C000848B72 /* APIConstant.swift */,
				E7C69CD1296554D700848B72 /* NetworkConstant.swift */,
				E7C69CD3296554E600848B72 /* MoyLoggingPlugin.swift */,
				E7C69CD5296554F800848B72 /* GeneralResponse.swift */,
				E7C69CD72965550500848B72 /* NetworkResult.swift */,
				E7C69CD92965551400848B72 /* BaseTargetType.swift */,
			);
			path = Base;
			sourceTree = "<group>";
		};
		E7C69C0E295AD6B600848B72 /* APIs */ = {
			isa = PBXGroup;
			children = (
				E7C69C15295AD70F00848B72 /* TogetherAPI.swift */,
				E7C69C17295AD71C00848B72 /* WriteAPI.swift */,
				E7C69C19295AD72F00848B72 /* StorageAPI.swift */,
			);
			path = APIs;
			sourceTree = "<group>";
		};
		E7C69C0F295AD6C300848B72 /* Services */ = {
			isa = PBXGroup;
			children = (
				E7C69CDB2965552700848B72 /* TogetherService.swift */,
				E7C69CDD296555A600848B72 /* WriteService.swift */,
				E7C69CDF296555B400848B72 /* StorageService.swift */,
			);
			path = Services;
			sourceTree = "<group>";
		};
		E7C69C1D295AD79300848B72 /* Resources */ = {
			isa = PBXGroup;
			children = (
				E7C69C1E295AD7A900848B72 /* Fonts */,
				E7C69BF1295AC8AA00848B72 /* Assets.xcassets */,
				E7C69C20295AD7CA00848B72 /* ColorSets.xcassets */,
			);
			path = Resources;
			sourceTree = "<group>";
		};
		E7C69C1E295AD7A900848B72 /* Fonts */ = {
			isa = PBXGroup;
			children = (
				E7C69CB82961E84600848B72 /* Cafe24Ssurround-Bold.ttf */,
				E7C69CB02961E80E00848B72 /* Pretendard-Bold.otf */,
				E7C69CB22961E80E00848B72 /* Pretendard-Medium.otf */,
				E7C69CB12961E80E00848B72 /* Pretendard-Regular.otf */,
				E7C69CB32961E80E00848B72 /* Pretendard-SemiBold.otf */,
			);
			path = Fonts;
			sourceTree = "<group>";
		};
		E7C69C24295AD80300848B72 /* Sources */ = {
			isa = PBXGroup;
			children = (
				E7C69BF3295AC8AA00848B72 /* LaunchScreen.storyboard */,
				E7C69C25295AD81600848B72 /* HaraTabBarController.swift */,
				E7C69C28295AD82F00848B72 /* Scenes */,
				E7C69C27295AD82400848B72 /* Components */,
			);
			path = Sources;
			sourceTree = "<group>";
		};
		E7C69C27295AD82400848B72 /* Components */ = {
			isa = PBXGroup;
			children = (
				E7C69C29295AD84300848B72 /* SomeTemplate.swift */,
				E7C69CC72964574400848B72 /* DefaultNavigationView.swift */,
			);
			path = Components;
			sourceTree = "<group>";
		};
		E7C69C28295AD82F00848B72 /* Scenes */ = {
			isa = PBXGroup;
			children = (
				E7C69C2B295AD85800848B72 /* Together */,
				E7C69CBE296203A900848B72 /* Write */,
				E7C69C2C295AD86000848B72 /* Storage */,
			);
			path = Scenes;
			sourceTree = "<group>";
		};
		E7C69C2B295AD85800848B72 /* Together */ = {
			isa = PBXGroup;
			children = (
				E7C69C31295ADCAE00848B72 /* TogetherVC.swift */,
				E7C69CCB29647C9700848B72 /* CategoryCVC.swift */,
				E7C69CEC29660AB500848B72 /* WorryCardCVC.swift */,
				E7C69CEA29658BF900848B72 /* VoteOptionCVC.swift */,
				E74C874E296A97AF00BFAD31 /* VotedCVC.swift */,
			);
			path = Together;
			sourceTree = "<group>";
		};
		E7C69C2C295AD86000848B72 /* Storage */ = {
			isa = PBXGroup;
			children = (
				673315EE2965C1E500398AA5 /* UnderlineSegmentedControl.swift */,
				673315F02966D1AC00398AA5 /* StorageVC.swift */,
			);
			path = Storage;
			sourceTree = "<group>";
		};
		E7C69CBE296203A900848B72 /* Write */ = {
			isa = PBXGroup;
			children = (
				E7C69CBF296203CA00848B72 /* WriteVC.swift */,
				85E0A44729646DB30007C3CA /* WriteStepView */,
			);
			path = Write;
			sourceTree = "<group>";
		};
		E7C69CE12965564A00848B72 /* DataModel */ = {
			isa = PBXGroup;
			children = (
				E7C69CE22965566C00848B72 /* TogetherResponse.swift */,
				E7C69CE42965567800848B72 /* WriteResponse.swift */,
				E7C69CE62965569100848B72 /* StorageResponse.swift */,
			);
			path = DataModel;
			sourceTree = "<group>";
		};
/* End PBXGroup section */

/* Begin PBXNativeTarget section */
		E7C69BE4295AC8A900848B72 /* HARA */ = {
			isa = PBXNativeTarget;
			buildConfigurationList = E7C69BF9295AC8AA00848B72 /* Build configuration list for PBXNativeTarget "HARA" */;
			buildPhases = (
				E7C69BE1295AC8A900848B72 /* Sources */,
				E7C69BE2295AC8A900848B72 /* Frameworks */,
				E7C69BE3295AC8A900848B72 /* Resources */,
			);
			buildRules = (
			);
			dependencies = (
			);
			name = HARA;
			packageProductDependencies = (
				E7C69C8C2961392A00848B72 /* SnapKit */,
				E7C69C8F2961393700848B72 /* Then */,
				E7C69C922961396C00848B72 /* CombineMoya */,
				E7C69C942961396C00848B72 /* Moya */,
			);
			productName = HARA;
			productReference = E7C69BE5295AC8A900848B72 /* HARA.app */;
			productType = "com.apple.product-type.application";
		};
/* End PBXNativeTarget section */

/* Begin PBXProject section */
		E7C69BDD295AC8A900848B72 /* Project object */ = {
			isa = PBXProject;
			attributes = {
				BuildIndependentTargetsInParallel = 1;
				LastSwiftUpdateCheck = 1420;
				LastUpgradeCheck = 1420;
				TargetAttributes = {
					E7C69BE4295AC8A900848B72 = {
						CreatedOnToolsVersion = 14.2;
					};
				};
			};
			buildConfigurationList = E7C69BE0295AC8A900848B72 /* Build configuration list for PBXProject "HARA" */;
			compatibilityVersion = "Xcode 14.0";
			developmentRegion = en;
			hasScannedForEncodings = 0;
			knownRegions = (
				en,
				Base,
			);
			mainGroup = E7C69BDC295AC8A900848B72;
			packageReferences = (
				E7C69C8B2961392A00848B72 /* XCRemoteSwiftPackageReference "SnapKit" */,
				E7C69C8E2961393700848B72 /* XCRemoteSwiftPackageReference "Then" */,
				E7C69C912961396C00848B72 /* XCRemoteSwiftPackageReference "Moya" */,
			);
			productRefGroup = E7C69BE6295AC8A900848B72 /* Products */;
			projectDirPath = "";
			projectRoot = "";
			targets = (
				E7C69BE4295AC8A900848B72 /* HARA */,
			);
		};
/* End PBXProject section */

/* Begin PBXResourcesBuildPhase section */
		E7C69BE3295AC8A900848B72 /* Resources */ = {
			isa = PBXResourcesBuildPhase;
			buildActionMask = 2147483647;
			files = (
				E7C69CB62961E80E00848B72 /* Pretendard-Medium.otf in Resources */,
				E7C69C21295AD7CA00848B72 /* ColorSets.xcassets in Resources */,
				E7C69CB52961E80E00848B72 /* Pretendard-Regular.otf in Resources */,
				E7C69CB72961E80E00848B72 /* Pretendard-SemiBold.otf in Resources */,
				E7C69CB92961E84600848B72 /* Cafe24Ssurround-Bold.ttf in Resources */,
				E7C69CB42961E80E00848B72 /* Pretendard-Bold.otf in Resources */,
				E7C69BF5295AC8AA00848B72 /* LaunchScreen.storyboard in Resources */,
				E7C69BF2295AC8AA00848B72 /* Assets.xcassets in Resources */,
			);
			runOnlyForDeploymentPostprocessing = 0;
		};
/* End PBXResourcesBuildPhase section */

/* Begin PBXSourcesBuildPhase section */
		E7C69BE1295AC8A900848B72 /* Sources */ = {
			isa = PBXSourcesBuildPhase;
			buildActionMask = 2147483647;
			files = (
				E7C69CD4296554E600848B72 /* MoyLoggingPlugin.swift in Sources */,
				E7C69CA72961CD8F00848B72 /* UIImageView+.swift in Sources */,
				E7C69C1A295AD72F00848B72 /* StorageAPI.swift in Sources */,
				E7C69C1A295AD72F00848B72 /* StorageAPI.swift in Sources */,
				85E0A45129646E4B0007C3CA /* FifthStepView.swift in Sources */,
				85E0A44D29646E390007C3CA /* ThirdStepView.swift in Sources */,
				E7C69C09295AD68100848B72 /* ToastMessageColorType.swift in Sources */,
				E7C69CDE296555A600848B72 /* WriteService.swift in Sources */,
				E7C69CD2296554D700848B72 /* NetworkConstant.swift in Sources */,
				E7C69CEB29658BF900848B72 /* VoteOptionCVC.swift in Sources */,
				E7C69CE0296555B400848B72 /* StorageService.swift in Sources */,
				E7C69CD82965550500848B72 /* NetworkResult.swift in Sources */,
				E7C69CD0296554C000848B72 /* APIConstant.swift in Sources */,
				E7C69CED29660AB500848B72 /* WorryCardCVC.swift in Sources */,
				E7C69CDC2965552700848B72 /* TogetherService.swift in Sources */,
				E7C69CC6296213EB00848B72 /* ImageCacheManager.swift in Sources */,
				E7C69C9B29613E2B00848B72 /* UIView+.swift in Sources */,
				E7C69CC82964574400848B72 /* DefaultNavigationView.swift in Sources */,
				E7C69CA129613F8100848B72 /* NSObject+.swift in Sources */,
				E7C69CDA2965551400848B72 /* BaseTargetType.swift in Sources */,
				E7C69C18295AD71C00848B72 /* WriteAPI.swift in Sources */,
				E7C69CCC29647C9700848B72 /* CategoryCVC.swift in Sources */,
				E7C69CBD2962039700848B72 /* StorageVC.swift in Sources */,
				85E0A44B29646E300007C3CA /* SecondStepView.swift in Sources */,
				E7C69C9D29613F2700848B72 /* UIStackView+.swift in Sources */,
				E7C69CE52965567800848B72 /* WriteResponse.swift in Sources */,
				673315EF2965C1E500398AA5 /* UnderlineSegmentedControl.swift in Sources */,
				E7C69C9929613A4300848B72 /* UIButton+.swift in Sources */,
				E7C69CCE29649EA900848B72 /* UICollectionVIew+.swift in Sources */,
				E7C69C03295AD64C00848B72 /* UIColor+.swift in Sources */,
				E7C69CD6296554F800848B72 /* GeneralResponse.swift in Sources */,
				E7C69BE9295AC8A900848B72 /* AppDelegate.swift in Sources */,
				E74C874F296A97AF00BFAD31 /* VotedCVC.swift in Sources */,
				85E0A44929646E280007C3CA /* FirstStepView.swift in Sources */,
				E7C69CA52961407500848B72 /* String+.swift in Sources */,
				E7C69C32295ADCAE00848B72 /* TogetherVC.swift in Sources */,
				E7C69C26295AD81600848B72 /* HaraTabBarController.swift in Sources */,
				E7C69C9729613A1400848B72 /* UIFont+.swift in Sources */,
				85E0A44F29646E440007C3CA /* FourthStepView.swift in Sources */,
				E7C69CC0296203CA00848B72 /* WriteVC.swift in Sources */,
				E7C69BEB295AC8A900848B72 /* SceneDelegate.swift in Sources */,
				E7C69CBB2962017F00848B72 /* BaseNC.swift in Sources */,
				E7C69C16295AD70F00848B72 /* TogetherAPI.swift in Sources */,
				E7C69CA329613FAA00848B72 /* UILabel+.swift in Sources */,
				E7C69C2A295AD84300848B72 /* SomeTemplate.swift in Sources */,
				E7C69CC22962099600848B72 /* UIViewController+.swift in Sources */,
				E7C69CE32965566C00848B72 /* TogetherResponse.swift in Sources */,
				E7C69CC429620C5600848B72 /* CALayer+.swift in Sources */,
				E7C69C9F29613F4800848B72 /* Adjusted+.swift in Sources */,
				E7C69CE72965569100848B72 /* StorageResponse.swift in Sources */,
				E7C69CA92961CDF400848B72 /* UITextField+.swift in Sources */,
				E7C69C0B295AD68E00848B72 /* UserInfo.swift in Sources */,
				673315F12966D1AC00398AA5 /* StorageVC.swift in Sources */,
				E7C69C05295AD66200848B72 /* BaseVC.swift in Sources */,
			);
			runOnlyForDeploymentPostprocessing = 0;
		};
/* End PBXSourcesBuildPhase section */

/* Begin PBXVariantGroup section */
		E7C69BF3295AC8AA00848B72 /* LaunchScreen.storyboard */ = {
			isa = PBXVariantGroup;
			children = (
				E7C69BF4295AC8AA00848B72 /* Base */,
			);
			name = LaunchScreen.storyboard;
			sourceTree = "<group>";
		};
/* End PBXVariantGroup section */

/* Begin XCBuildConfiguration section */
		E7C69BF7295AC8AA00848B72 /* Debug */ = {
			isa = XCBuildConfiguration;
			buildSettings = {
				ALWAYS_SEARCH_USER_PATHS = NO;
				CLANG_ANALYZER_NONNULL = YES;
				CLANG_ANALYZER_NUMBER_OBJECT_CONVERSION = YES_AGGRESSIVE;
				CLANG_CXX_LANGUAGE_STANDARD = "gnu++20";
				CLANG_ENABLE_MODULES = YES;
				CLANG_ENABLE_OBJC_ARC = YES;
				CLANG_ENABLE_OBJC_WEAK = YES;
				CLANG_WARN_BLOCK_CAPTURE_AUTORELEASING = YES;
				CLANG_WARN_BOOL_CONVERSION = YES;
				CLANG_WARN_COMMA = YES;
				CLANG_WARN_CONSTANT_CONVERSION = YES;
				CLANG_WARN_DEPRECATED_OBJC_IMPLEMENTATIONS = YES;
				CLANG_WARN_DIRECT_OBJC_ISA_USAGE = YES_ERROR;
				CLANG_WARN_DOCUMENTATION_COMMENTS = YES;
				CLANG_WARN_EMPTY_BODY = YES;
				CLANG_WARN_ENUM_CONVERSION = YES;
				CLANG_WARN_INFINITE_RECURSION = YES;
				CLANG_WARN_INT_CONVERSION = YES;
				CLANG_WARN_NON_LITERAL_NULL_CONVERSION = YES;
				CLANG_WARN_OBJC_IMPLICIT_RETAIN_SELF = YES;
				CLANG_WARN_OBJC_LITERAL_CONVERSION = YES;
				CLANG_WARN_OBJC_ROOT_CLASS = YES_ERROR;
				CLANG_WARN_QUOTED_INCLUDE_IN_FRAMEWORK_HEADER = YES;
				CLANG_WARN_RANGE_LOOP_ANALYSIS = YES;
				CLANG_WARN_STRICT_PROTOTYPES = YES;
				CLANG_WARN_SUSPICIOUS_MOVE = YES;
				CLANG_WARN_UNGUARDED_AVAILABILITY = YES_AGGRESSIVE;
				CLANG_WARN_UNREACHABLE_CODE = YES;
				CLANG_WARN__DUPLICATE_METHOD_MATCH = YES;
				COPY_PHASE_STRIP = NO;
				DEBUG_INFORMATION_FORMAT = dwarf;
				ENABLE_STRICT_OBJC_MSGSEND = YES;
				ENABLE_TESTABILITY = YES;
				GCC_C_LANGUAGE_STANDARD = gnu11;
				GCC_DYNAMIC_NO_PIC = NO;
				GCC_NO_COMMON_BLOCKS = YES;
				GCC_OPTIMIZATION_LEVEL = 0;
				GCC_PREPROCESSOR_DEFINITIONS = (
					"DEBUG=1",
					"$(inherited)",
				);
				GCC_WARN_64_TO_32_BIT_CONVERSION = YES;
				GCC_WARN_ABOUT_RETURN_TYPE = YES_ERROR;
				GCC_WARN_UNDECLARED_SELECTOR = YES;
				GCC_WARN_UNINITIALIZED_AUTOS = YES_AGGRESSIVE;
				GCC_WARN_UNUSED_FUNCTION = YES;
				GCC_WARN_UNUSED_VARIABLE = YES;
				IPHONEOS_DEPLOYMENT_TARGET = 16.2;
				MTL_ENABLE_DEBUG_INFO = INCLUDE_SOURCE;
				MTL_FAST_MATH = YES;
				ONLY_ACTIVE_ARCH = YES;
				SDKROOT = iphoneos;
				SWIFT_ACTIVE_COMPILATION_CONDITIONS = DEBUG;
				SWIFT_OPTIMIZATION_LEVEL = "-Onone";
			};
			name = Debug;
		};
		E7C69BF8295AC8AA00848B72 /* Release */ = {
			isa = XCBuildConfiguration;
			buildSettings = {
				ALWAYS_SEARCH_USER_PATHS = NO;
				CLANG_ANALYZER_NONNULL = YES;
				CLANG_ANALYZER_NUMBER_OBJECT_CONVERSION = YES_AGGRESSIVE;
				CLANG_CXX_LANGUAGE_STANDARD = "gnu++20";
				CLANG_ENABLE_MODULES = YES;
				CLANG_ENABLE_OBJC_ARC = YES;
				CLANG_ENABLE_OBJC_WEAK = YES;
				CLANG_WARN_BLOCK_CAPTURE_AUTORELEASING = YES;
				CLANG_WARN_BOOL_CONVERSION = YES;
				CLANG_WARN_COMMA = YES;
				CLANG_WARN_CONSTANT_CONVERSION = YES;
				CLANG_WARN_DEPRECATED_OBJC_IMPLEMENTATIONS = YES;
				CLANG_WARN_DIRECT_OBJC_ISA_USAGE = YES_ERROR;
				CLANG_WARN_DOCUMENTATION_COMMENTS = YES;
				CLANG_WARN_EMPTY_BODY = YES;
				CLANG_WARN_ENUM_CONVERSION = YES;
				CLANG_WARN_INFINITE_RECURSION = YES;
				CLANG_WARN_INT_CONVERSION = YES;
				CLANG_WARN_NON_LITERAL_NULL_CONVERSION = YES;
				CLANG_WARN_OBJC_IMPLICIT_RETAIN_SELF = YES;
				CLANG_WARN_OBJC_LITERAL_CONVERSION = YES;
				CLANG_WARN_OBJC_ROOT_CLASS = YES_ERROR;
				CLANG_WARN_QUOTED_INCLUDE_IN_FRAMEWORK_HEADER = YES;
				CLANG_WARN_RANGE_LOOP_ANALYSIS = YES;
				CLANG_WARN_STRICT_PROTOTYPES = YES;
				CLANG_WARN_SUSPICIOUS_MOVE = YES;
				CLANG_WARN_UNGUARDED_AVAILABILITY = YES_AGGRESSIVE;
				CLANG_WARN_UNREACHABLE_CODE = YES;
				CLANG_WARN__DUPLICATE_METHOD_MATCH = YES;
				COPY_PHASE_STRIP = NO;
				DEBUG_INFORMATION_FORMAT = "dwarf-with-dsym";
				ENABLE_NS_ASSERTIONS = NO;
				ENABLE_STRICT_OBJC_MSGSEND = YES;
				GCC_C_LANGUAGE_STANDARD = gnu11;
				GCC_NO_COMMON_BLOCKS = YES;
				GCC_WARN_64_TO_32_BIT_CONVERSION = YES;
				GCC_WARN_ABOUT_RETURN_TYPE = YES_ERROR;
				GCC_WARN_UNDECLARED_SELECTOR = YES;
				GCC_WARN_UNINITIALIZED_AUTOS = YES_AGGRESSIVE;
				GCC_WARN_UNUSED_FUNCTION = YES;
				GCC_WARN_UNUSED_VARIABLE = YES;
				IPHONEOS_DEPLOYMENT_TARGET = 16.2;
				MTL_ENABLE_DEBUG_INFO = NO;
				MTL_FAST_MATH = YES;
				SDKROOT = iphoneos;
				SWIFT_COMPILATION_MODE = wholemodule;
				SWIFT_OPTIMIZATION_LEVEL = "-O";
				VALIDATE_PRODUCT = YES;
			};
			name = Release;
		};
		E7C69BFA295AC8AA00848B72 /* Debug */ = {
			isa = XCBuildConfiguration;
			buildSettings = {
				ASSETCATALOG_COMPILER_APPICON_NAME = AppIcon;
				ASSETCATALOG_COMPILER_GLOBAL_ACCENT_COLOR_NAME = AccentColor;
				CODE_SIGN_STYLE = Automatic;
				CURRENT_PROJECT_VERSION = 1;
				DEVELOPMENT_TEAM = "";
				GENERATE_INFOPLIST_FILE = YES;
				INFOPLIST_FILE = HARA/Info.plist;
				INFOPLIST_KEY_UIApplicationSupportsIndirectInputEvents = YES;
				INFOPLIST_KEY_UILaunchStoryboardName = LaunchScreen;
				INFOPLIST_KEY_UIMainStoryboardFile = "";
				INFOPLIST_KEY_UISupportedInterfaceOrientations = "UIInterfaceOrientationLandscapeLeft UIInterfaceOrientationLandscapeRight UIInterfaceOrientationPortrait";
				INFOPLIST_KEY_UISupportedInterfaceOrientations_iPad = UIInterfaceOrientationPortrait;
				LD_RUNPATH_SEARCH_PATHS = (
					"$(inherited)",
					"@executable_path/Frameworks",
				);
				MARKETING_VERSION = 1.0;
				PRODUCT_BUNDLE_IDENTIFIER = damin.HARA;
				PRODUCT_NAME = "$(TARGET_NAME)";
				SWIFT_EMIT_LOC_STRINGS = YES;
				SWIFT_VERSION = 5.0;
				TARGETED_DEVICE_FAMILY = "1,2";
			};
			name = Debug;
		};
		E7C69BFB295AC8AA00848B72 /* Release */ = {
			isa = XCBuildConfiguration;
			buildSettings = {
				ASSETCATALOG_COMPILER_APPICON_NAME = AppIcon;
				ASSETCATALOG_COMPILER_GLOBAL_ACCENT_COLOR_NAME = AccentColor;
				CODE_SIGN_STYLE = Automatic;
				CURRENT_PROJECT_VERSION = 1;
				DEVELOPMENT_TEAM = "";
				GENERATE_INFOPLIST_FILE = YES;
				INFOPLIST_FILE = HARA/Info.plist;
				INFOPLIST_KEY_UIApplicationSupportsIndirectInputEvents = YES;
				INFOPLIST_KEY_UILaunchStoryboardName = LaunchScreen;
				INFOPLIST_KEY_UIMainStoryboardFile = "";
				INFOPLIST_KEY_UISupportedInterfaceOrientations = "UIInterfaceOrientationLandscapeLeft UIInterfaceOrientationLandscapeRight UIInterfaceOrientationPortrait";
				INFOPLIST_KEY_UISupportedInterfaceOrientations_iPad = UIInterfaceOrientationPortrait;
				LD_RUNPATH_SEARCH_PATHS = (
					"$(inherited)",
					"@executable_path/Frameworks",
				);
				MARKETING_VERSION = 1.0;
				PRODUCT_BUNDLE_IDENTIFIER = damin.HARA;
				PRODUCT_NAME = "$(TARGET_NAME)";
				SWIFT_EMIT_LOC_STRINGS = YES;
				SWIFT_VERSION = 5.0;
				TARGETED_DEVICE_FAMILY = "1,2";
			};
			name = Release;
		};
/* End XCBuildConfiguration section */

/* Begin XCConfigurationList section */
		E7C69BE0295AC8A900848B72 /* Build configuration list for PBXProject "HARA" */ = {
			isa = XCConfigurationList;
			buildConfigurations = (
				E7C69BF7295AC8AA00848B72 /* Debug */,
				E7C69BF8295AC8AA00848B72 /* Release */,
			);
			defaultConfigurationIsVisible = 0;
			defaultConfigurationName = Release;
		};
		E7C69BF9295AC8AA00848B72 /* Build configuration list for PBXNativeTarget "HARA" */ = {
			isa = XCConfigurationList;
			buildConfigurations = (
				E7C69BFA295AC8AA00848B72 /* Debug */,
				E7C69BFB295AC8AA00848B72 /* Release */,
			);
			defaultConfigurationIsVisible = 0;
			defaultConfigurationName = Release;
		};
/* End XCConfigurationList section */

/* Begin XCRemoteSwiftPackageReference section */
		E7C69C8B2961392A00848B72 /* XCRemoteSwiftPackageReference "SnapKit" */ = {
			isa = XCRemoteSwiftPackageReference;
			repositoryURL = "https://github.com/SnapKit/SnapKit.git";
			requirement = {
				kind = upToNextMajorVersion;
				minimumVersion = 5.6.0;
			};
		};
		E7C69C8E2961393700848B72 /* XCRemoteSwiftPackageReference "Then" */ = {
			isa = XCRemoteSwiftPackageReference;
			repositoryURL = "https://github.com/devxoul/Then";
			requirement = {
				branch = master;
				kind = branch;
			};
		};
		E7C69C912961396C00848B72 /* XCRemoteSwiftPackageReference "Moya" */ = {
			isa = XCRemoteSwiftPackageReference;
			repositoryURL = "https://github.com/Moya/Moya";
			requirement = {
				kind = upToNextMajorVersion;
				minimumVersion = 15.0.3;
			};
		};
/* End XCRemoteSwiftPackageReference section */

/* Begin XCSwiftPackageProductDependency section */
		E7C69C8C2961392A00848B72 /* SnapKit */ = {
			isa = XCSwiftPackageProductDependency;
			package = E7C69C8B2961392A00848B72 /* XCRemoteSwiftPackageReference "SnapKit" */;
			productName = SnapKit;
		};
		E7C69C8F2961393700848B72 /* Then */ = {
			isa = XCSwiftPackageProductDependency;
			package = E7C69C8E2961393700848B72 /* XCRemoteSwiftPackageReference "Then" */;
			productName = Then;
		};
		E7C69C922961396C00848B72 /* CombineMoya */ = {
			isa = XCSwiftPackageProductDependency;
			package = E7C69C912961396C00848B72 /* XCRemoteSwiftPackageReference "Moya" */;
			productName = CombineMoya;
		};
		E7C69C942961396C00848B72 /* Moya */ = {
			isa = XCSwiftPackageProductDependency;
			package = E7C69C912961396C00848B72 /* XCRemoteSwiftPackageReference "Moya" */;
			productName = Moya;
		};
/* End XCSwiftPackageProductDependency section */
	};
	rootObject = E7C69BDD295AC8A900848B72 /* Project object */;
}
